
Microsoft Visual Studio Solution File, Format Version 12.00
# Visual Studio Version 16
VisualStudioVersion = 16.0.30907.101
MinimumVisualStudioVersion = 10.0.40219.1
Project("{9A19103F-16F7-4668-BE54-9A1E7A4F7556}") = "NetFramework.Tasks.Management", "NetFramework.Task.Management\NetFramework.Tasks.Management.csproj", "{F9B512A7-10AB-4690-947B-D79B3C3E063C}"
EndProject
Project("{9A19103F-16F7-4668-BE54-9A1E7A4F7556}") = "NetFramework.Tasks.Management.Abstractions", "NetFramework.Task.Management.Abstractions\NetFramework.Tasks.Management.Abstractions.csproj", "{997E5898-630E-4338-92FF-5E129EC51EC9}"
EndProject
Project("{FAE04EC0-301F-11D3-BF4B-00C04F79EFBC}") = "NetFramework.Tasks.Management.xUnit.Tests", "NetFramework.Tasks.Management.xUnit.Tests\NetFramework.Tasks.Management.xUnit.Tests.csproj", "{DC61B59D-3AAD-426A-AB87-0AE45EAE3D29}"
EndProject
Global
	GlobalSection(SolutionConfigurationPlatforms) = preSolution
		Debug|Any CPU = Debug|Any CPU
		Release|Any CPU = Release|Any CPU
	EndGlobalSection
	GlobalSection(ProjectConfigurationPlatforms) = postSolution
		{F9B512A7-10AB-4690-947B-D79B3C3E063C}.Debug|Any CPU.ActiveCfg = Debug|Any CPU
		{F9B512A7-10AB-4690-947B-D79B3C3E063C}.Debug|Any CPU.Build.0 = Debug|Any CPU
		{F9B512A7-10AB-4690-947B-D79B3C3E063C}.Release|Any CPU.ActiveCfg = Release|Any CPU
		{F9B512A7-10AB-4690-947B-D79B3C3E063C}.Release|Any CPU.Build.0 = Release|Any CPU
		{997E5898-630E-4338-92FF-5E129EC51EC9}.Debug|Any CPU.ActiveCfg = Debug|Any CPU
		{997E5898-630E-4338-92FF-5E129EC51EC9}.Debug|Any CPU.Build.0 = Debug|Any CPU
		{997E5898-630E-4338-92FF-5E129EC51EC9}.Release|Any CPU.ActiveCfg = Release|Any CPU
		{997E5898-630E-4338-92FF-5E129EC51EC9}.Release|Any CPU.Build.0 = Release|Any CPU
		{DC61B59D-3AAD-426A-AB87-0AE45EAE3D29}.Debug|Any CPU.ActiveCfg = Debug|Any CPU
		{DC61B59D-3AAD-426A-AB87-0AE45EAE3D29}.Debug|Any CPU.Build.0 = Debug|Any CPU
		{DC61B59D-3AAD-426A-AB87-0AE45EAE3D29}.Release|Any CPU.ActiveCfg = Release|Any CPU
		{DC61B59D-3AAD-426A-AB87-0AE45EAE3D29}.Release|Any CPU.Build.0 = Release|Any CPU
	EndGlobalSection
	GlobalSection(SolutionProperties) = preSolution
		HideSolutionNode = FALSE
	EndGlobalSection
	GlobalSection(ExtensibilityGlobals) = postSolution
		SolutionGuid = {D57DA74C-0427-437D-9A89-227A9A697A29}
	EndGlobalSection
EndGlobal
